
Microsoft Visual Studio Solution File, Format Version 12.00
# Visual Studio Version 17
VisualStudioVersion = 17.9.34728.123
MinimumVisualStudioVersion = 10.0.40219.1
Project("{FAE04EC0-301F-11D3-BF4B-00C04F79EFBC}") = "Models", "Models\Models.csproj", "{6C3A6473-5FBF-43DB-A6C5-E738AF6C2124}"
EndProject
Project("{FAE04EC0-301F-11D3-BF4B-00C04F79EFBC}") = "Shared", "Shared\Shared.csproj", "{EA748719-8659-452A-9396-D941F481B6BE}"
EndProject
Project("{FAE04EC0-301F-11D3-BF4B-00C04F79EFBC}") = "DataAccess", "DataAccess\DataAccess.csproj", "{F9597A50-D97E-4B62-B6A4-42B4BA07D81B}"
EndProject
Project("{FAE04EC0-301F-11D3-BF4B-00C04F79EFBC}") = "View", "View\View.csproj", "{C7D22141-3DBA-4B8A-8B37-0F819E82F84F}"
EndProject
Global
	GlobalSection(SolutionConfigurationPlatforms) = preSolution
		Debug|Any CPU = Debug|Any CPU
		Release|Any CPU = Release|Any CPU
	EndGlobalSection
	GlobalSection(ProjectConfigurationPlatforms) = postSolution
		{6C3A6473-5FBF-43DB-A6C5-E738AF6C2124}.Debug|Any CPU.ActiveCfg = Debug|Any CPU
		{6C3A6473-5FBF-43DB-A6C5-E738AF6C2124}.Debug|Any CPU.Build.0 = Debug|Any CPU
		{6C3A6473-5FBF-43DB-A6C5-E738AF6C2124}.Release|Any CPU.ActiveCfg = Release|Any CPU
		{6C3A6473-5FBF-43DB-A6C5-E738AF6C2124}.Release|Any CPU.Build.0 = Release|Any CPU
		{EA748719-8659-452A-9396-D941F481B6BE}.Debug|Any CPU.ActiveCfg = Debug|Any CPU
		{EA748719-8659-452A-9396-D941F481B6BE}.Debug|Any CPU.Build.0 = Debug|Any CPU
		{EA748719-8659-452A-9396-D941F481B6BE}.Release|Any CPU.ActiveCfg = Release|Any CPU
		{EA748719-8659-452A-9396-D941F481B6BE}.Release|Any CPU.Build.0 = Release|Any CPU
		{F9597A50-D97E-4B62-B6A4-42B4BA07D81B}.Debug|Any CPU.ActiveCfg = Debug|Any CPU
		{F9597A50-D97E-4B62-B6A4-42B4BA07D81B}.Debug|Any CPU.Build.0 = Debug|Any CPU
		{F9597A50-D97E-4B62-B6A4-42B4BA07D81B}.Release|Any CPU.ActiveCfg = Release|Any CPU
		{F9597A50-D97E-4B62-B6A4-42B4BA07D81B}.Release|Any CPU.Build.0 = Release|Any CPU
		{C7D22141-3DBA-4B8A-8B37-0F819E82F84F}.Debug|Any CPU.ActiveCfg = Debug|Any CPU
		{C7D22141-3DBA-4B8A-8B37-0F819E82F84F}.Debug|Any CPU.Build.0 = Debug|Any CPU
		{C7D22141-3DBA-4B8A-8B37-0F819E82F84F}.Release|Any CPU.ActiveCfg = Release|Any CPU
		{C7D22141-3DBA-4B8A-8B37-0F819E82F84F}.Release|Any CPU.Build.0 = Release|Any CPU
	EndGlobalSection
	GlobalSection(SolutionProperties) = preSolution
		HideSolutionNode = FALSE
	EndGlobalSection
	GlobalSection(ExtensibilityGlobals) = postSolution
		SolutionGuid = {44C8D2D7-AF5D-489A-B59D-D22315910007}
	EndGlobalSection
EndGlobal
